
Microsoft Visual Studio Solution File, Format Version 12.00
# Visual Studio 15
Project("{FAE04EC0-301F-11D3-BF4B-00C04F79EFBC}") = "NewAssembly", "NewAssembly.csproj", "{98B62D80-490E-9767-7114-A2527E761C5B}"
EndProject
Global
	GlobalSection(SolutionConfigurationPlatforms) = preSolution
		Debug|Any CPU = Debug|Any CPU
		Release|Any CPU = Release|Any CPU
	EndGlobalSection
	GlobalSection(ProjectConfigurationPlatforms) = postSolution
		{98B62D80-490E-9767-7114-A2527E761C5B}.Debug|Any CPU.ActiveCfg = Debug|Any CPU
		{98B62D80-490E-9767-7114-A2527E761C5B}.Debug|Any CPU.Build.0 = Debug|Any CPU
		{98B62D80-490E-9767-7114-A2527E761C5B}.Release|Any CPU.ActiveCfg = Release|Any CPU
		{98B62D80-490E-9767-7114-A2527E761C5B}.Release|Any CPU.Build.0 = Release|Any CPU
	EndGlobalSection
	GlobalSection(SolutionProperties) = preSolution
		HideSolutionNode = FALSE
	EndGlobalSection
EndGlobal
